
Microsoft Visual Studio Solution File, Format Version 12.00
# Visual Studio 14
VisualStudioVersion = 14.0.25123.0
MinimumVisualStudioVersion = 10.0.40219.1
Project("{FAE04EC0-301F-11D3-BF4B-00C04F79EFBC}") = "MitraisExercise.Web", "MitraisExervise\MitraisExercise.Web.csproj", "{CD99CB59-33A8-472E-A232-1CBF7C241789}"
EndProject
Project("{FAE04EC0-301F-11D3-BF4B-00C04F79EFBC}") = "MitraisExercise.Repository", "MitraisExercise.Repository\MitraisExercise.Repository.csproj", "{D5BB7850-4DEA-4F76-A290-C47B2C717E3B}"
EndProject
Project("{FAE04EC0-301F-11D3-BF4B-00C04F79EFBC}") = "MitraisExercise.Model", "MitraisExercise.Model\MitraisExercise.Model.csproj", "{5E745119-EDA6-4956-947F-314463A216A6}"
EndProject
Project("{FAE04EC0-301F-11D3-BF4B-00C04F79EFBC}") = "MitraisExercise.Test", "MitraisExercise.Test\MitraisExercise.Test.csproj", "{1183D256-EC20-4608-B8D8-FD0861E238EA}"
	ProjectSection(ProjectDependencies) = postProject
		{CD99CB59-33A8-472E-A232-1CBF7C241789} = {CD99CB59-33A8-472E-A232-1CBF7C241789}
	EndProjectSection
EndProject
Global
	GlobalSection(SolutionConfigurationPlatforms) = preSolution
		Debug|Any CPU = Debug|Any CPU
		Release|Any CPU = Release|Any CPU
	EndGlobalSection
	GlobalSection(ProjectConfigurationPlatforms) = postSolution
		{CD99CB59-33A8-472E-A232-1CBF7C241789}.Debug|Any CPU.ActiveCfg = Debug|Any CPU
		{CD99CB59-33A8-472E-A232-1CBF7C241789}.Debug|Any CPU.Build.0 = Debug|Any CPU
		{CD99CB59-33A8-472E-A232-1CBF7C241789}.Release|Any CPU.ActiveCfg = Release|Any CPU
		{CD99CB59-33A8-472E-A232-1CBF7C241789}.Release|Any CPU.Build.0 = Release|Any CPU
		{D5BB7850-4DEA-4F76-A290-C47B2C717E3B}.Debug|Any CPU.ActiveCfg = Debug|Any CPU
		{D5BB7850-4DEA-4F76-A290-C47B2C717E3B}.Debug|Any CPU.Build.0 = Debug|Any CPU
		{D5BB7850-4DEA-4F76-A290-C47B2C717E3B}.Release|Any CPU.ActiveCfg = Release|Any CPU
		{D5BB7850-4DEA-4F76-A290-C47B2C717E3B}.Release|Any CPU.Build.0 = Release|Any CPU
		{5E745119-EDA6-4956-947F-314463A216A6}.Debug|Any CPU.ActiveCfg = Debug|Any CPU
		{5E745119-EDA6-4956-947F-314463A216A6}.Debug|Any CPU.Build.0 = Debug|Any CPU
		{5E745119-EDA6-4956-947F-314463A216A6}.Release|Any CPU.ActiveCfg = Release|Any CPU
		{5E745119-EDA6-4956-947F-314463A216A6}.Release|Any CPU.Build.0 = Release|Any CPU
		{1183D256-EC20-4608-B8D8-FD0861E238EA}.Debug|Any CPU.ActiveCfg = Debug|Any CPU
		{1183D256-EC20-4608-B8D8-FD0861E238EA}.Debug|Any CPU.Build.0 = Debug|Any CPU
		{1183D256-EC20-4608-B8D8-FD0861E238EA}.Release|Any CPU.ActiveCfg = Release|Any CPU
		{1183D256-EC20-4608-B8D8-FD0861E238EA}.Release|Any CPU.Build.0 = Release|Any CPU
	EndGlobalSection
	GlobalSection(SolutionProperties) = preSolution
		HideSolutionNode = FALSE
	EndGlobalSection
EndGlobal
